
Microsoft Visual Studio Solution File, Format Version 12.00
# Visual Studio Version 17
VisualStudioVersion = 17.13.35825.156 d17.13
MinimumVisualStudioVersion = 10.0.40219.1
Project("{FAE04EC0-301F-11D3-BF4B-00C04F79EFBC}") = "WindowsForm_Jigsaw", "WindowsForm_Jigsaw\WindowsForm_Jigsaw.csproj", "{240001B4-4DF8-47FB-B663-B07D9860F23D}"
EndProject
Global
	GlobalSection(SolutionConfigurationPlatforms) = preSolution
		Debug|Any CPU = Debug|Any CPU
		Release|Any CPU = Release|Any CPU
	EndGlobalSection
	GlobalSection(ProjectConfigurationPlatforms) = postSolution
		{240001B4-4DF8-47FB-B663-B07D9860F23D}.Debug|Any CPU.ActiveCfg = Debug|Any CPU
		{240001B4-4DF8-47FB-B663-B07D9860F23D}.Debug|Any CPU.Build.0 = Debug|Any CPU
		{240001B4-4DF8-47FB-B663-B07D9860F23D}.Release|Any CPU.ActiveCfg = Release|Any CPU
		{240001B4-4DF8-47FB-B663-B07D9860F23D}.Release|Any CPU.Build.0 = Release|Any CPU
	EndGlobalSection
	GlobalSection(SolutionProperties) = preSolution
		HideSolutionNode = FALSE
	EndGlobalSection
	GlobalSection(ExtensibilityGlobals) = postSolution
		SolutionGuid = {95B61A63-7B09-49C0-AA58-7A64AB6E18A9}
	EndGlobalSection
EndGlobal
